PODS:
  - RxBluetoothKit (3.0.0):
    - RxSwift (~> 3.0.0-beta.1)
  - RxSwift (3.0.0)
  - SDWebImage (3.7.6):
    - SDWebImage/Core (= 3.7.6)
  - SDWebImage/Core (3.7.6)

DEPENDENCIES:
  - RxBluetoothKit (from `https://github.com/Polidea/RxBluetoothKit.git`, branch `swift-3.0`)
  - RxSwift
  - SDWebImage (~> 3.7.3)

EXTERNAL SOURCES:
  RxBluetoothKit:
    :branch: swift-3.0
    :git: https://github.com/Polidea/RxBluetoothKit.git

CHECKOUT OPTIONS:
  RxBluetoothKit:
    :commit: c0bbcf54613f557ad065204e029afdc5f135137f
    :git: https://github.com/Polidea/RxBluetoothKit.git

SPEC CHECKSUMS:
  RxBluetoothKit: aed03218cda1b0bbf29ece2483b22612774916df
  RxSwift: a930cd662f5b4a7ca9dc3518585dba91dadf497c
  SDWebImage: c325cf02c30337336b95beff20a13df489ec0ec9

PODFILE CHECKSUM: 538a15b1033f860cd259b9ef7f0dc23da2d5fa39

COCOAPODS: 1.1.1
