PODS:
  - RxBluetoothKit (1.2.3):
    - RxCocoa (~> 2.0)
    - RxSwift (~> 2.0)
  - RxCocoa (2.6.0):
    - RxSwift (~> 2.5)
  - RxSwift (2.6.0)
  - SDWebImage (3.7.6):
    - SDWebImage/Core (= 3.7.6)
  - SDWebImage/Core (3.7.6)

DEPENDENCIES:
  - RxBluetoothKit
  - RxSwift
  - SDWebImage (~> 3.7.3)

SPEC CHECKSUMS:
  RxBluetoothKit: 5b08322682361e1e858db167a3697b80bf557245
  RxCocoa: 89ab00d5753502520227940e3a0e0a0413683c6b
  RxSwift: 77f3a0b15324baa7a1c9bfa9f199648a82424e26
  SDWebImage: c325cf02c30337336b95beff20a13df489ec0ec9

PODFILE CHECKSUM: 8971a5ccc0bbb53dc533537c525469266c493df7

COCOAPODS: 1.0.1
